
Microsoft Visual Studio Solution File, Format Version 12.00
# Visual Studio Version 16
VisualStudioVersion = 16.0.30804.86
MinimumVisualStudioVersion = 10.0.40219.1
Project("{FAE04EC0-301F-11D3-BF4B-00C04F79EFBC}") = "Bug-Tracker-Client", "Bug-Tracker-Client\Bug-Tracker-Client.csproj", "{9E7B0644-7400-4779-A83A-B64B1B5DD5BF}"
EndProject
Project("{FAE04EC0-301F-11D3-BF4B-00C04F79EFBC}") = "Bug-Tracker-Client.Tests", "Bug-Tracker-Client.Tests\Bug-Tracker-Client.Tests.csproj", "{53C43CF4-C354-4147-8165-9E54E39F44CA}"
EndProject
Global
	GlobalSection(SolutionConfigurationPlatforms) = preSolution
		Debug|Any CPU = Debug|Any CPU
		Release|Any CPU = Release|Any CPU
	EndGlobalSection
	GlobalSection(ProjectConfigurationPlatforms) = postSolution
		{9E7B0644-7400-4779-A83A-B64B1B5DD5BF}.Debug|Any CPU.ActiveCfg = Debug|Any CPU
		{9E7B0644-7400-4779-A83A-B64B1B5DD5BF}.Debug|Any CPU.Build.0 = Debug|Any CPU
		{9E7B0644-7400-4779-A83A-B64B1B5DD5BF}.Release|Any CPU.ActiveCfg = Release|Any CPU
		{9E7B0644-7400-4779-A83A-B64B1B5DD5BF}.Release|Any CPU.Build.0 = Release|Any CPU
		{53C43CF4-C354-4147-8165-9E54E39F44CA}.Debug|Any CPU.ActiveCfg = Debug|Any CPU
		{53C43CF4-C354-4147-8165-9E54E39F44CA}.Debug|Any CPU.Build.0 = Debug|Any CPU
		{53C43CF4-C354-4147-8165-9E54E39F44CA}.Release|Any CPU.ActiveCfg = Release|Any CPU
		{53C43CF4-C354-4147-8165-9E54E39F44CA}.Release|Any CPU.Build.0 = Release|Any CPU
	EndGlobalSection
	GlobalSection(SolutionProperties) = preSolution
		HideSolutionNode = FALSE
	EndGlobalSection
	GlobalSection(ExtensibilityGlobals) = postSolution
		SolutionGuid = {7ECC3C0D-6DB6-42B5-92D6-AECB74EBD3FE}
	EndGlobalSection
EndGlobal
